{
  "name": "aoc2020",
  "version": "1.0.0",
  "lockfileVersion": 1,
  "requires": true,
  "dependencies": {
    "benchmark": {
      "version": "2.1.4",
      "resolved": "https://registry.npmjs.org/benchmark/-/benchmark-2.1.4.tgz",
      "integrity": "sha1-CfPeMckWQl1JjMLuVloOvzwqVik=",
      "requires": {
        "lodash": "^4.17.4",
        "platform": "^1.3.3"
      }
    },
    "core-js": {
      "version": "3.8.1",
      "resolved": "https://registry.npmjs.org/core-js/-/core-js-3.8.1.tgz",
      "integrity": "sha512-9Id2xHY1W7m8hCl8NkhQn5CufmF/WuR30BTRewvCXc1aZd3kMECwNZ69ndLbekKfakw9Rf2Xyc+QR6E7Gg+obg=="
    },
    "lodash": {
      "version": "4.17.20",
      "resolved": "https://registry.npmjs.org/lodash/-/lodash-4.17.20.tgz",
      "integrity": "sha512-PlhdFcillOINfeV7Ni6oF1TAEayyZBoZ8bcshTHqOYJYlrqzRK5hagpagky5o4HfCzzd1TRkXPMFq6cKk9rGmA=="
    },
    "platform": {
      "version": "1.3.6",
      "resolved": "https://registry.npmjs.org/platform/-/platform-1.3.6.tgz",
      "integrity": "sha512-fnWVljUchTro6RiCFvCXBbNhJc2NijN7oIQxbwsyL0buWJPG85v81ehlHI9fXrJsMNgTofEoWIQeClKpgxFLrg=="
    },
    "tree-data-structure": {
      "version": "0.2.0",
      "resolved": "https://registry.npmjs.org/tree-data-structure/-/tree-data-structure-0.2.0.tgz",
      "integrity": "sha512-n9yOD8ldr3y8XSoya6550qIgQfDhw9lPx8RUQD5fpxSek3FhQgyQWB5/eDiJkvdUVNakX2yY91ntNUcMGEZUgg==",
      "requires": {
        "core-js": "^3.6.4"
      }
    }
  }
}
